// !$*UTF8*$!
{
	archiveVersion = 1;
	classes = {
	};
	objectVersion = 50;
	objects = {

/* Begin PBXBuildFile section */
		25B73926F4CAD758B2586F78 /* Pods_BeyondChallengeUITests.framework in Frameworks */ = {isa = PBXBuildFile; fileRef = 27D78FC83BA79F63167D59F9 /* Pods_BeyondChallengeUITests.framework */; };
		9C192F8E7CCDEB6FB135B6EC /* Pods_BeyondChallenge.framework in Frameworks */ = {isa = PBXBuildFile; fileRef = 873ECC0825ADBD2D69AF529A /* Pods_BeyondChallenge.framework */; };
		DE56122395C6A9E2EBAE06BB /* Pods_BeyondChallengeTests.framework in Frameworks */ = {isa = PBXBuildFile; fileRef = BDF7C82A7758254EC89DF9D7 /* Pods_BeyondChallengeTests.framework */; };
		E8F6AAE022314A70005C323C /* AppDelegate.swift in Sources */ = {isa = PBXBuildFile; fileRef = E8F6AADF22314A70005C323C /* AppDelegate.swift */; };
		E8F6AAE722314A71005C323C /* Assets.xcassets in Resources */ = {isa = PBXBuildFile; fileRef = E8F6AAE622314A71005C323C /* Assets.xcassets */; };
		E8F6AAEA22314A71005C323C /* LaunchScreen.storyboard in Resources */ = {isa = PBXBuildFile; fileRef = E8F6AAE822314A71005C323C /* LaunchScreen.storyboard */; };
		E8F6AAF522314A71005C323C /* BeyondChallengeTests.swift in Sources */ = {isa = PBXBuildFile; fileRef = E8F6AAF422314A71005C323C /* BeyondChallengeTests.swift */; };
		E8F6AB0022314A71005C323C /* BeyondChallengeUITests.swift in Sources */ = {isa = PBXBuildFile; fileRef = E8F6AAFF22314A71005C323C /* BeyondChallengeUITests.swift */; };
/* End PBXBuildFile section */

/* Begin PBXContainerItemProxy section */
		E8F6AAF122314A71005C323C /* PBXContainerItemProxy */ = {
			isa = PBXContainerItemProxy;
			containerPortal = E8F6AAD422314A70005C323C /* Project object */;
			proxyType = 1;
			remoteGlobalIDString = E8F6AADB22314A70005C323C;
			remoteInfo = BeyondChallenge;
		};
		E8F6AAFC22314A71005C323C /* PBXContainerItemProxy */ = {
			isa = PBXContainerItemProxy;
			containerPortal = E8F6AAD422314A70005C323C /* Project object */;
			proxyType = 1;
			remoteGlobalIDString = E8F6AADB22314A70005C323C;
			remoteInfo = BeyondChallenge;
		};
/* End PBXContainerItemProxy section */

/* Begin PBXFileReference section */
		01245CDA472D7ED8EBF33D28 /* Pods-BeyondChallengeUITests.debug.xcconfig */ = {isa = PBXFileReference; includeInIndex = 1; lastKnownFileType = text.xcconfig; name = "Pods-BeyondChallengeUITests.debug.xcconfig"; path = "Target Support Files/Pods-BeyondChallengeUITests/Pods-BeyondChallengeUITests.debug.xcconfig"; sourceTree = "<group>"; };
		27D78FC83BA79F63167D59F9 /* Pods_BeyondChallengeUITests.framework */ = {isa = PBXFileReference; explicitFileType = wrapper.framework; includeInIndex = 0; path = Pods_BeyondChallengeUITests.framework; sourceTree = BUILT_PRODUCTS_DIR; };
		5D1DDDEDED609FB4B4BED259 /* Pods-BeyondChallenge.debug.xcconfig */ = {isa = PBXFileReference; includeInIndex = 1; lastKnownFileType = text.xcconfig; name = "Pods-BeyondChallenge.debug.xcconfig"; path = "Target Support Files/Pods-BeyondChallenge/Pods-BeyondChallenge.debug.xcconfig"; sourceTree = "<group>"; };
		82127E8328A2C18E45C94834 /* Pods-BeyondChallenge.release.xcconfig */ = {isa = PBXFileReference; includeInIndex = 1; lastKnownFileType = text.xcconfig; name = "Pods-BeyondChallenge.release.xcconfig"; path = "Target Support Files/Pods-BeyondChallenge/Pods-BeyondChallenge.release.xcconfig"; sourceTree = "<group>"; };
		873ECC0825ADBD2D69AF529A /* Pods_BeyondChallenge.framework */ = {isa = PBXFileReference; explicitFileType = wrapper.framework; includeInIndex = 0; path = Pods_BeyondChallenge.framework; sourceTree = BUILT_PRODUCTS_DIR; };
		983E723CAB8039B7A3CE5E1C /* Pods-BeyondChallengeTests.release.xcconfig */ = {isa = PBXFileReference; includeInIndex = 1; lastKnownFileType = text.xcconfig; name = "Pods-BeyondChallengeTests.release.xcconfig"; path = "Target Support Files/Pods-BeyondChallengeTests/Pods-BeyondChallengeTests.release.xcconfig"; sourceTree = "<group>"; };
		9C880474962D210D588CF6D1 /* Pods-BeyondChallengeUITests.release.xcconfig */ = {isa = PBXFileReference; includeInIndex = 1; lastKnownFileType = text.xcconfig; name = "Pods-BeyondChallengeUITests.release.xcconfig"; path = "Target Support Files/Pods-BeyondChallengeUITests/Pods-BeyondChallengeUITests.release.xcconfig"; sourceTree = "<group>"; };
		B0C8D7E65C40232ECD9BB751 /* Pods-BeyondChallengeTests.debug.xcconfig */ = {isa = PBXFileReference; includeInIndex = 1; lastKnownFileType = text.xcconfig; name = "Pods-BeyondChallengeTests.debug.xcconfig"; path = "Target Support Files/Pods-BeyondChallengeTests/Pods-BeyondChallengeTests.debug.xcconfig"; sourceTree = "<group>"; };
		BDF7C82A7758254EC89DF9D7 /* Pods_BeyondChallengeTests.framework */ = {isa = PBXFileReference; explicitFileType = wrapper.framework; includeInIndex = 0; path = Pods_BeyondChallengeTests.framework; sourceTree = BUILT_PRODUCTS_DIR; };
		E8F6AADC22314A70005C323C /* BeyondChallenge.app */ = {isa = PBXFileReference; explicitFileType = wrapper.application; includeInIndex = 0; path = BeyondChallenge.app; sourceTree = BUILT_PRODUCTS_DIR; };
		E8F6AADF22314A70005C323C /* AppDelegate.swift */ = {isa = PBXFileReference; lastKnownFileType = sourcecode.swift; path = AppDelegate.swift; sourceTree = "<group>"; };
		E8F6AAE622314A71005C323C /* Assets.xcassets */ = {isa = PBXFileReference; lastKnownFileType = folder.assetcatalog; path = Assets.xcassets; sourceTree = "<group>"; };
		E8F6AAE922314A71005C323C /* Base */ = {isa = PBXFileReference; lastKnownFileType = file.storyboard; name = Base; path = Base.lproj/LaunchScreen.storyboard; sourceTree = "<group>"; };
		E8F6AAEB22314A71005C323C /* Info.plist */ = {isa = PBXFileReference; lastKnownFileType = text.plist.xml; path = Info.plist; sourceTree = "<group>"; };
		E8F6AAF022314A71005C323C /* BeyondChallengeTests.xctest */ = {isa = PBXFileReference; explicitFileType = wrapper.cfbundle; includeInIndex = 0; path = BeyondChallengeTests.xctest; sourceTree = BUILT_PRODUCTS_DIR; };
		E8F6AAF422314A71005C323C /* BeyondChallengeTests.swift */ = {isa = PBXFileReference; lastKnownFileType = sourcecode.swift; path = BeyondChallengeTests.swift; sourceTree = "<group>"; };
		E8F6AAF622314A71005C323C /* Info.plist */ = {isa = PBXFileReference; lastKnownFileType = text.plist.xml; path = Info.plist; sourceTree = "<group>"; };
		E8F6AAFB22314A71005C323C /* BeyondChallengeUITests.xctest */ = {isa = PBXFileReference; explicitFileType = wrapper.cfbundle; includeInIndex = 0; path = BeyondChallengeUITests.xctest; sourceTree = BUILT_PRODUCTS_DIR; };
		E8F6AAFF22314A71005C323C /* BeyondChallengeUITests.swift */ = {isa = PBXFileReference; lastKnownFileType = sourcecode.swift; path = BeyondChallengeUITests.swift; sourceTree = "<group>"; };
		E8F6AB0122314A71005C323C /* Info.plist */ = {isa = PBXFileReference; lastKnownFileType = text.plist.xml; path = Info.plist; sourceTree = "<group>"; };
/* End PBXFileReference section */

/* Begin PBXFrameworksBuildPhase section */
		E8F6AAD922314A70005C323C /* Frameworks */ = {
			isa = PBXFrameworksBuildPhase;
			buildActionMask = 2147483647;
			files = (
				9C192F8E7CCDEB6FB135B6EC /* Pods_BeyondChallenge.framework in Frameworks */,
			);
			runOnlyForDeploymentPostprocessing = 0;
		};
		E8F6AAED22314A71005C323C /* Frameworks */ = {
			isa = PBXFrameworksBuildPhase;
			buildActionMask = 2147483647;
			files = (
				DE56122395C6A9E2EBAE06BB /* Pods_BeyondChallengeTests.framework in Frameworks */,
			);
			runOnlyForDeploymentPostprocessing = 0;
		};
		E8F6AAF822314A71005C323C /* Frameworks */ = {
			isa = PBXFrameworksBuildPhase;
			buildActionMask = 2147483647;
			files = (
				25B73926F4CAD758B2586F78 /* Pods_BeyondChallengeUITests.framework in Frameworks */,
			);
			runOnlyForDeploymentPostprocessing = 0;
		};
/* End PBXFrameworksBuildPhase section */

/* Begin PBXGroup section */
		65E815892E12EEDFD889505C /* Pods */ = {
			isa = PBXGroup;
			children = (
				5D1DDDEDED609FB4B4BED259 /* Pods-BeyondChallenge.debug.xcconfig */,
				82127E8328A2C18E45C94834 /* Pods-BeyondChallenge.release.xcconfig */,
				B0C8D7E65C40232ECD9BB751 /* Pods-BeyondChallengeTests.debug.xcconfig */,
				983E723CAB8039B7A3CE5E1C /* Pods-BeyondChallengeTests.release.xcconfig */,
				01245CDA472D7ED8EBF33D28 /* Pods-BeyondChallengeUITests.debug.xcconfig */,
				9C880474962D210D588CF6D1 /* Pods-BeyondChallengeUITests.release.xcconfig */,
			);
			name = Pods;
			path = Pods;
			sourceTree = "<group>";
		};
		9DD366A54CD21589CB6BC6DA /* Frameworks */ = {
			isa = PBXGroup;
			children = (
				873ECC0825ADBD2D69AF529A /* Pods_BeyondChallenge.framework */,
				BDF7C82A7758254EC89DF9D7 /* Pods_BeyondChallengeTests.framework */,
				27D78FC83BA79F63167D59F9 /* Pods_BeyondChallengeUITests.framework */,
			);
			name = Frameworks;
			sourceTree = "<group>";
		};
		E8F6AAD322314A70005C323C = {
			isa = PBXGroup;
			children = (
				E8F6AADE22314A70005C323C /* BeyondChallenge */,
				E8F6AAF322314A71005C323C /* BeyondChallengeTests */,
				E8F6AAFE22314A71005C323C /* BeyondChallengeUITests */,
				E8F6AADD22314A70005C323C /* Products */,
				65E815892E12EEDFD889505C /* Pods */,
				9DD366A54CD21589CB6BC6DA /* Frameworks */,
			);
			sourceTree = "<group>";
		};
		E8F6AADD22314A70005C323C /* Products */ = {
			isa = PBXGroup;
			children = (
				E8F6AADC22314A70005C323C /* BeyondChallenge.app */,
				E8F6AAF022314A71005C323C /* BeyondChallengeTests.xctest */,
				E8F6AAFB22314A71005C323C /* BeyondChallengeUITests.xctest */,
			);
			name = Products;
			sourceTree = "<group>";
		};
		E8F6AADE22314A70005C323C /* BeyondChallenge */ = {
			isa = PBXGroup;
			children = (
				E8F6AADF22314A70005C323C /* AppDelegate.swift */,
				E8F6AAE622314A71005C323C /* Assets.xcassets */,
				E8F6AAE822314A71005C323C /* LaunchScreen.storyboard */,
				E8F6AAEB22314A71005C323C /* Info.plist */,
			);
			path = BeyondChallenge;
			sourceTree = "<group>";
		};
		E8F6AAF322314A71005C323C /* BeyondChallengeTests */ = {
			isa = PBXGroup;
			children = (
				E8F6AAF422314A71005C323C /* BeyondChallengeTests.swift */,
				E8F6AAF622314A71005C323C /* Info.plist */,
			);
			path = BeyondChallengeTests;
			sourceTree = "<group>";
		};
		E8F6AAFE22314A71005C323C /* BeyondChallengeUITests */ = {
			isa = PBXGroup;
			children = (
				E8F6AAFF22314A71005C323C /* BeyondChallengeUITests.swift */,
				E8F6AB0122314A71005C323C /* Info.plist */,
			);
			path = BeyondChallengeUITests;
			sourceTree = "<group>";
		};
/* End PBXGroup section */

/* Begin PBXNativeTarget section */
		E8F6AADB22314A70005C323C /* BeyondChallenge */ = {
			isa = PBXNativeTarget;
			buildConfigurationList = E8F6AB0422314A71005C323C /* Build configuration list for PBXNativeTarget "BeyondChallenge" */;
			buildPhases = (
				3D980D0BB20B07E87AC2EC02 /* [CP] Check Pods Manifest.lock */,
				E8F6AAD822314A70005C323C /* Sources */,
				E8F6AAD922314A70005C323C /* Frameworks */,
				E8F6AADA22314A70005C323C /* Resources */,
				44CB6D16704B97ED765654EA /* [CP] Embed Pods Frameworks */,
			);
			buildRules = (
			);
			dependencies = (
			);
			name = BeyondChallenge;
			productName = BeyondChallenge;
			productReference = E8F6AADC22314A70005C323C /* BeyondChallenge.app */;
			productType = "com.apple.product-type.application";
		};
		E8F6AAEF22314A71005C323C /* BeyondChallengeTests */ = {
			isa = PBXNativeTarget;
			buildConfigurationList = E8F6AB0722314A71005C323C /* Build configuration list for PBXNativeTarget "BeyondChallengeTests" */;
			buildPhases = (
				B6E18B58C843429F9BD2C779 /* [CP] Check Pods Manifest.lock */,
				E8F6AAEC22314A71005C323C /* Sources */,
				E8F6AAED22314A71005C323C /* Frameworks */,
				E8F6AAEE22314A71005C323C /* Resources */,
			);
			buildRules = (
			);
			dependencies = (
				E8F6AAF222314A71005C323C /* PBXTargetDependency */,
			);
			name = BeyondChallengeTests;
			productName = BeyondChallengeTests;
			productReference = E8F6AAF022314A71005C323C /* BeyondChallengeTests.xctest */;
			productType = "com.apple.product-type.bundle.unit-test";
		};
		E8F6AAFA22314A71005C323C /* BeyondChallengeUITests */ = {
			isa = PBXNativeTarget;
			buildConfigurationList = E8F6AB0A22314A71005C323C /* Build configuration list for PBXNativeTarget "BeyondChallengeUITests" */;
			buildPhases = (
				C9DDA56CC2389DA0B87404FE /* [CP] Check Pods Manifest.lock */,
				E8F6AAF722314A71005C323C /* Sources */,
				E8F6AAF822314A71005C323C /* Frameworks */,
				E8F6AAF922314A71005C323C /* Resources */,
			);
			buildRules = (
			);
			dependencies = (
				E8F6AAFD22314A71005C323C /* PBXTargetDependency */,
			);
			name = BeyondChallengeUITests;
			productName = BeyondChallengeUITests;
			productReference = E8F6AAFB22314A71005C323C /* BeyondChallengeUITests.xctest */;
			productType = "com.apple.product-type.bundle.ui-testing";
		};
/* End PBXNativeTarget section */

/* Begin PBXProject section */
		E8F6AAD422314A70005C323C /* Project object */ = {
			isa = PBXProject;
			attributes = {
				LastSwiftUpdateCheck = 1010;
				LastUpgradeCheck = 1010;
				ORGANIZATIONNAME = "Günter Hertz";
				TargetAttributes = {
					E8F6AADB22314A70005C323C = {
						CreatedOnToolsVersion = 10.1;
					};
					E8F6AAEF22314A71005C323C = {
						CreatedOnToolsVersion = 10.1;
						TestTargetID = E8F6AADB22314A70005C323C;
					};
					E8F6AAFA22314A71005C323C = {
						CreatedOnToolsVersion = 10.1;
						TestTargetID = E8F6AADB22314A70005C323C;
					};
				};
			};
			buildConfigurationList = E8F6AAD722314A70005C323C /* Build configuration list for PBXProject "BeyondChallenge" */;
			compatibilityVersion = "Xcode 9.3";
			developmentRegion = en;
			hasScannedForEncodings = 0;
			knownRegions = (
				en,
				Base,
			);
			mainGroup = E8F6AAD322314A70005C323C;
			productRefGroup = E8F6AADD22314A70005C323C /* Products */;
			projectDirPath = "";
			projectRoot = "";
			targets = (
				E8F6AADB22314A70005C323C /* BeyondChallenge */,
				E8F6AAEF22314A71005C323C /* BeyondChallengeTests */,
				E8F6AAFA22314A71005C323C /* BeyondChallengeUITests */,
			);
		};
/* End PBXProject section */

/* Begin PBXResourcesBuildPhase section */
		E8F6AADA22314A70005C323C /* Resources */ = {
			isa = PBXResourcesBuildPhase;
			buildActionMask = 2147483647;
			files = (
				E8F6AAEA22314A71005C323C /* LaunchScreen.storyboard in Resources */,
				E8F6AAE722314A71005C323C /* Assets.xcassets in Resources */,
			);
			runOnlyForDeploymentPostprocessing = 0;
		};
		E8F6AAEE22314A71005C323C /* Resources */ = {
			isa = PBXResourcesBuildPhase;
			buildActionMask = 2147483647;
			files = (
			);
			runOnlyForDeploymentPostprocessing = 0;
		};
		E8F6AAF922314A71005C323C /* Resources */ = {
			isa = PBXResourcesBuildPhase;
			buildActionMask = 2147483647;
			files = (
			);
			runOnlyForDeploymentPostprocessing = 0;
		};
/* End PBXResourcesBuildPhase section */

/* Begin PBXShellScriptBuildPhase section */
		3D980D0BB20B07E87AC2EC02 /* [CP] Check Pods Manifest.lock */ = {
			isa = PBXShellScriptBuildPhase;
			buildActionMask = 2147483647;
			files = (
			);
			inputFileListPaths = (
			);
			inputPaths = (
				"${PODS_PODFILE_DIR_PATH}/Podfile.lock",
				"${PODS_ROOT}/Manifest.lock",
			);
			name = "[CP] Check Pods Manifest.lock";
			outputFileListPaths = (
			);
			outputPaths = (
				"$(DERIVED_FILE_DIR)/Pods-BeyondChallenge-checkManifestLockResult.txt",
			);
			runOnlyForDeploymentPostprocessing = 0;
			shellPath = /bin/sh;
			shellScript = "diff \"${PODS_PODFILE_DIR_PATH}/Podfile.lock\" \"${PODS_ROOT}/Manifest.lock\" > /dev/null\nif [ $? != 0 ] ; then\n    # print error to STDERR\n    echo \"error: The sandbox is not in sync with the Podfile.lock. Run 'pod install' or update your CocoaPods installation.\" >&2\n    exit 1\nfi\n# This output is used by Xcode 'outputs' to avoid re-running this script phase.\necho \"SUCCESS\" > \"${SCRIPT_OUTPUT_FILE_0}\"\n";
			showEnvVarsInLog = 0;
		};
		44CB6D16704B97ED765654EA /* [CP] Embed Pods Frameworks */ = {
			isa = PBXShellScriptBuildPhase;
			buildActionMask = 2147483647;
			files = (
			);
			inputFileListPaths = (
			);
			inputPaths = (
				"${PODS_ROOT}/Target Support Files/Pods-BeyondChallenge/Pods-BeyondChallenge-frameworks.sh",
				"${BUILT_PRODUCTS_DIR}/RxAtomic/RxAtomic.framework",
				"${BUILT_PRODUCTS_DIR}/RxCocoa/RxCocoa.framework",
				"${BUILT_PRODUCTS_DIR}/RxSwift/RxSwift.framework",
				"${BUILT_PRODUCTS_DIR}/SnapKit/SnapKit.framework",
			);
			name = "[CP] Embed Pods Frameworks";
			outputFileListPaths = (
			);
			outputPaths = (
				"${TARGET_BUILD_DIR}/${FRAMEWORKS_FOLDER_PATH}/RxAtomic.framework",
				"${TARGET_BUILD_DIR}/${FRAMEWORKS_FOLDER_PATH}/RxCocoa.framework",
				"${TARGET_BUILD_DIR}/${FRAMEWORKS_FOLDER_PATH}/RxSwift.framework",
				"${TARGET_BUILD_DIR}/${FRAMEWORKS_FOLDER_PATH}/SnapKit.framework",
			);
			runOnlyForDeploymentPostprocessing = 0;
			shellPath = /bin/sh;
			shellScript = "\"${PODS_ROOT}/Target Support Files/Pods-BeyondChallenge/Pods-BeyondChallenge-frameworks.sh\"\n";
			showEnvVarsInLog = 0;
		};
		B6E18B58C843429F9BD2C779 /* [CP] Check Pods Manifest.lock */ = {
			isa = PBXShellScriptBuildPhase;
			buildActionMask = 2147483647;
			files = (
			);
			inputFileListPaths = (
			);
			inputPaths = (
				"${PODS_PODFILE_DIR_PATH}/Podfile.lock",
				"${PODS_ROOT}/Manifest.lock",
			);
			name = "[CP] Check Pods Manifest.lock";
			outputFileListPaths = (
			);
			outputPaths = (
				"$(DERIVED_FILE_DIR)/Pods-BeyondChallengeTests-checkManifestLockResult.txt",
			);
			runOnlyForDeploymentPostprocessing = 0;
			shellPath = /bin/sh;
			shellScript = "diff \"${PODS_PODFILE_DIR_PATH}/Podfile.lock\" \"${PODS_ROOT}/Manifest.lock\" > /dev/null\nif [ $? != 0 ] ; then\n    # print error to STDERR\n    echo \"error: The sandbox is not in sync with the Podfile.lock. Run 'pod install' or update your CocoaPods installation.\" >&2\n    exit 1\nfi\n# This output is used by Xcode 'outputs' to avoid re-running this script phase.\necho \"SUCCESS\" > \"${SCRIPT_OUTPUT_FILE_0}\"\n";
			showEnvVarsInLog = 0;
		};
		C9DDA56CC2389DA0B87404FE /* [CP] Check Pods Manifest.lock */ = {
			isa = PBXShellScriptBuildPhase;
			buildActionMask = 2147483647;
			files = (
			);
			inputFileListPaths = (
			);
			inputPaths = (
				"${PODS_PODFILE_DIR_PATH}/Podfile.lock",
				"${PODS_ROOT}/Manifest.lock",
			);
			name = "[CP] Check Pods Manifest.lock";
			outputFileListPaths = (
			);
			outputPaths = (
				"$(DERIVED_FILE_DIR)/Pods-BeyondChallengeUITests-checkManifestLockResult.txt",
			);
			runOnlyForDeploymentPostprocessing = 0;
			shellPath = /bin/sh;
			shellScript = "diff \"${PODS_PODFILE_DIR_PATH}/Podfile.lock\" \"${PODS_ROOT}/Manifest.lock\" > /dev/null\nif [ $? != 0 ] ; then\n    # print error to STDERR\n    echo \"error: The sandbox is not in sync with the Podfile.lock. Run 'pod install' or update your CocoaPods installation.\" >&2\n    exit 1\nfi\n# This output is used by Xcode 'outputs' to avoid re-running this script phase.\necho \"SUCCESS\" > \"${SCRIPT_OUTPUT_FILE_0}\"\n";
			showEnvVarsInLog = 0;
		};
/* End PBXShellScriptBuildPhase section */

/* Begin PBXSourcesBuildPhase section */
		E8F6AAD822314A70005C323C /* Sources */ = {
			isa = PBXSourcesBuildPhase;
			buildActionMask = 2147483647;
			files = (
				E8F6AAE022314A70005C323C /* AppDelegate.swift in Sources */,
			);
			runOnlyForDeploymentPostprocessing = 0;
		};
		E8F6AAEC22314A71005C323C /* Sources */ = {
			isa = PBXSourcesBuildPhase;
			buildActionMask = 2147483647;
			files = (
				E8F6AAF522314A71005C323C /* BeyondChallengeTests.swift in Sources */,
			);
			runOnlyForDeploymentPostprocessing = 0;
		};
		E8F6AAF722314A71005C323C /* Sources */ = {
			isa = PBXSourcesBuildPhase;
			buildActionMask = 2147483647;
			files = (
				E8F6AB0022314A71005C323C /* BeyondChallengeUITests.swift in Sources */,
			);
			runOnlyForDeploymentPostprocessing = 0;
		};
/* End PBXSourcesBuildPhase section */

/* Begin PBXTargetDependency section */
		E8F6AAF222314A71005C323C /* PBXTargetDependency */ = {
			isa = PBXTargetDependency;
			target = E8F6AADB22314A70005C323C /* BeyondChallenge */;
			targetProxy = E8F6AAF122314A71005C323C /* PBXContainerItemProxy */;
		};
		E8F6AAFD22314A71005C323C /* PBXTargetDependency */ = {
			isa = PBXTargetDependency;
			target = E8F6AADB22314A70005C323C /* BeyondChallenge */;
			targetProxy = E8F6AAFC22314A71005C323C /* PBXContainerItemProxy */;
		};
/* End PBXTargetDependency section */

/* Begin PBXVariantGroup section */
		E8F6AAE822314A71005C323C /* LaunchScreen.storyboard */ = {
			isa = PBXVariantGroup;
			children = (
				E8F6AAE922314A71005C323C /* Base */,
			);
			name = LaunchScreen.storyboard;
			sourceTree = "<group>";
		};
/* End PBXVariantGroup section */

/* Begin XCBuildConfiguration section */
		E8F6AB0222314A71005C323C /* Debug */ = {
			isa = XCBuildConfiguration;
			buildSettings = {
				ALWAYS_SEARCH_USER_PATHS = NO;
				CLANG_ANALYZER_NONNULL = YES;
				CLANG_ANALYZER_NUMBER_OBJECT_CONVERSION = YES_AGGRESSIVE;
				CLANG_CXX_LANGUAGE_STANDARD = "gnu++14";
				CLANG_CXX_LIBRARY = "libc++";
				CLANG_ENABLE_MODULES = YES;
				CLANG_ENABLE_OBJC_ARC = YES;
				CLANG_ENABLE_OBJC_WEAK = YES;
				CLANG_WARN_BLOCK_CAPTURE_AUTORELEASING = YES;
				CLANG_WARN_BOOL_CONVERSION = YES;
				CLANG_WARN_COMMA = YES;
				CLANG_WARN_CONSTANT_CONVERSION = YES;
				CLANG_WARN_DEPRECATED_OBJC_IMPLEMENTATIONS = YES;
				CLANG_WARN_DIRECT_OBJC_ISA_USAGE = YES_ERROR;
				CLANG_WARN_DOCUMENTATION_COMMENTS = YES;
				CLANG_WARN_EMPTY_BODY = YES;
				CLANG_WARN_ENUM_CONVERSION = YES;
				CLANG_WARN_INFINITE_RECURSION = YES;
				CLANG_WARN_INT_CONVERSION = YES;
				CLANG_WARN_NON_LITERAL_NULL_CONVERSION = YES;
				CLANG_WARN_OBJC_IMPLICIT_RETAIN_SELF = YES;
				CLANG_WARN_OBJC_LITERAL_CONVERSION = YES;
				CLANG_WARN_OBJC_ROOT_CLASS = YES_ERROR;
				CLANG_WARN_RANGE_LOOP_ANALYSIS = YES;
				CLANG_WARN_STRICT_PROTOTYPES = YES;
				CLANG_WARN_SUSPICIOUS_MOVE = YES;
				CLANG_WARN_UNGUARDED_AVAILABILITY = YES_AGGRESSIVE;
				CLANG_WARN_UNREACHABLE_CODE = YES;
				CLANG_WARN__DUPLICATE_METHOD_MATCH = YES;
				CODE_SIGN_IDENTITY = "iPhone Developer";
				COPY_PHASE_STRIP = NO;
				DEBUG_INFORMATION_FORMAT = dwarf;
				ENABLE_STRICT_OBJC_MSGSEND = YES;
				ENABLE_TESTABILITY = YES;
				GCC_C_LANGUAGE_STANDARD = gnu11;
				GCC_DYNAMIC_NO_PIC = NO;
				GCC_NO_COMMON_BLOCKS = YES;
				GCC_OPTIMIZATION_LEVEL = 0;
				GCC_PREPROCESSOR_DEFINITIONS = (
					"DEBUG=1",
					"$(inherited)",
				);
				GCC_WARN_64_TO_32_BIT_CONVERSION = YES;
				GCC_WARN_ABOUT_RETURN_TYPE = YES_ERROR;
				GCC_WARN_UNDECLARED_SELECTOR = YES;
				GCC_WARN_UNINITIALIZED_AUTOS = YES_AGGRESSIVE;
				GCC_WARN_UNUSED_FUNCTION = YES;
				GCC_WARN_UNUSED_VARIABLE = YES;
				IPHONEOS_DEPLOYMENT_TARGET = 12.1;
				MTL_ENABLE_DEBUG_INFO = INCLUDE_SOURCE;
				MTL_FAST_MATH = YES;
				ONLY_ACTIVE_ARCH = YES;
				SDKROOT = iphoneos;
				SWIFT_ACTIVE_COMPILATION_CONDITIONS = DEBUG;
				SWIFT_OPTIMIZATION_LEVEL = "-Onone";
			};
			name = Debug;
		};
		E8F6AB0322314A71005C323C /* Release */ = {
			isa = XCBuildConfiguration;
			buildSettings = {
				ALWAYS_SEARCH_USER_PATHS = NO;
				CLANG_ANALYZER_NONNULL = YES;
				CLANG_ANALYZER_NUMBER_OBJECT_CONVERSION = YES_AGGRESSIVE;
				CLANG_CXX_LANGUAGE_STANDARD = "gnu++14";
				CLANG_CXX_LIBRARY = "libc++";
				CLANG_ENABLE_MODULES = YES;
				CLANG_ENABLE_OBJC_ARC = YES;
				CLANG_ENABLE_OBJC_WEAK = YES;
				CLANG_WARN_BLOCK_CAPTURE_AUTORELEASING = YES;
				CLANG_WARN_BOOL_CONVERSION = YES;
				CLANG_WARN_COMMA = YES;
				CLANG_WARN_CONSTANT_CONVERSION = YES;
				CLANG_WARN_DEPRECATED_OBJC_IMPLEMENTATIONS = YES;
				CLANG_WARN_DIRECT_OBJC_ISA_USAGE = YES_ERROR;
				CLANG_WARN_DOCUMENTATION_COMMENTS = YES;
				CLANG_WARN_EMPTY_BODY = YES;
				CLANG_WARN_ENUM_CONVERSION = YES;
				CLANG_WARN_INFINITE_RECURSION = YES;
				CLANG_WARN_INT_CONVERSION = YES;
				CLANG_WARN_NON_LITERAL_NULL_CONVERSION = YES;
				CLANG_WARN_OBJC_IMPLICIT_RETAIN_SELF = YES;
				CLANG_WARN_OBJC_LITERAL_CONVERSION = YES;
				CLANG_WARN_OBJC_ROOT_CLASS = YES_ERROR;
				CLANG_WARN_RANGE_LOOP_ANALYSIS = YES;
				CLANG_WARN_STRICT_PROTOTYPES = YES;
				CLANG_WARN_SUSPICIOUS_MOVE = YES;
				CLANG_WARN_UNGUARDED_AVAILABILITY = YES_AGGRESSIVE;
				CLANG_WARN_UNREACHABLE_CODE = YES;
				CLANG_WARN__DUPLICATE_METHOD_MATCH = YES;
				CODE_SIGN_IDENTITY = "iPhone Developer";
				COPY_PHASE_STRIP = NO;
				DEBUG_INFORMATION_FORMAT = "dwarf-with-dsym";
				ENABLE_NS_ASSERTIONS = NO;
				ENABLE_STRICT_OBJC_MSGSEND = YES;
				GCC_C_LANGUAGE_STANDARD = gnu11;
				GCC_NO_COMMON_BLOCKS = YES;
				GCC_WARN_64_TO_32_BIT_CONVERSION = YES;
				GCC_WARN_ABOUT_RETURN_TYPE = YES_ERROR;
				GCC_WARN_UNDECLARED_SELECTOR = YES;
				GCC_WARN_UNINITIALIZED_AUTOS = YES_AGGRESSIVE;
				GCC_WARN_UNUSED_FUNCTION = YES;
				GCC_WARN_UNUSED_VARIABLE = YES;
				IPHONEOS_DEPLOYMENT_TARGET = 12.1;
				MTL_ENABLE_DEBUG_INFO = NO;
				MTL_FAST_MATH = YES;
				SDKROOT = iphoneos;
				SWIFT_COMPILATION_MODE = wholemodule;
				SWIFT_OPTIMIZATION_LEVEL = "-O";
				VALIDATE_PRODUCT = YES;
			};
			name = Release;
		};
		E8F6AB0522314A71005C323C /* Debug */ = {
			isa = XCBuildConfiguration;
			baseConfigurationReference = 5D1DDDEDED609FB4B4BED259 /* Pods-BeyondChallenge.debug.xcconfig */;
			buildSettings = {
				ASSETCATALOG_COMPILER_APPICON_NAME = AppIcon;
				CODE_SIGN_STYLE = Automatic;
				DEVELOPMENT_TEAM = 56DSU8JZV3;
				INFOPLIST_FILE = BeyondChallenge/Info.plist;
				LD_RUNPATH_SEARCH_PATHS = (
					"$(inherited)",
					"@executable_path/Frameworks",
				);
				PRODUCT_BUNDLE_IDENTIFIER = com.gmhertz.BeyondChallenge;
				PRODUCT_NAME = "$(TARGET_NAME)";
				SWIFT_VERSION = 4.2;
				TARGETED_DEVICE_FAMILY = "1,2";
			};
			name = Debug;
		};
		E8F6AB0622314A71005C323C /* Release */ = {
			isa = XCBuildConfiguration;
			baseConfigurationReference = 82127E8328A2C18E45C94834 /* Pods-BeyondChallenge.release.xcconfig */;
			buildSettings = {
				ASSETCATALOG_COMPILER_APPICON_NAME = AppIcon;
				CODE_SIGN_STYLE = Automatic;
				DEVELOPMENT_TEAM = 56DSU8JZV3;
				INFOPLIST_FILE = BeyondChallenge/Info.plist;
				LD_RUNPATH_SEARCH_PATHS = (
					"$(inherited)",
					"@executable_path/Frameworks",
				);
				PRODUCT_BUNDLE_IDENTIFIER = com.gmhertz.BeyondChallenge;
				PRODUCT_NAME = "$(TARGET_NAME)";
				SWIFT_VERSION = 4.2;
				TARGETED_DEVICE_FAMILY = "1,2";
			};
			name = Release;
		};
		E8F6AB0822314A71005C323C /* Debug */ = {
			isa = XCBuildConfiguration;
			baseConfigurationReference = B0C8D7E65C40232ECD9BB751 /* Pods-BeyondChallengeTests.debug.xcconfig */;
			buildSettings = {
				ALWAYS_EMBED_SWIFT_STANDARD_LIBRARIES = YES;
				BUNDLE_LOADER = "$(TEST_HOST)";
				CODE_SIGN_STYLE = Automatic;
				DEVELOPMENT_TEAM = 56DSU8JZV3;
				INFOPLIST_FILE = BeyondChallengeTests/Info.plist;
				LD_RUNPATH_SEARCH_PATHS = (
					"$(inherited)",
					"@executable_path/Frameworks",
					"@loader_path/Frameworks",
				);
				PRODUCT_BUNDLE_IDENTIFIER = com.gmhertz.BeyondChallengeTests;
				PRODUCT_NAME = "$(TARGET_NAME)";
				SWIFT_VERSION = 4.2;
				TARGETED_DEVICE_FAMILY = "1,2";
				TEST_HOST = "$(BUILT_PRODUCTS_DIR)/BeyondChallenge.app/BeyondChallenge";
			};
			name = Debug;
		};
		E8F6AB0922314A71005C323C /* Release */ = {
			isa = XCBuildConfiguration;
			baseConfigurationReference = 983E723CAB8039B7A3CE5E1C /* Pods-BeyondChallengeTests.release.xcconfig */;
			buildSettings = {
				ALWAYS_EMBED_SWIFT_STANDARD_LIBRARIES = YES;
				BUNDLE_LOADER = "$(TEST_HOST)";
				CODE_SIGN_STYLE = Automatic;
				DEVELOPMENT_TEAM = 56DSU8JZV3;
				INFOPLIST_FILE = BeyondChallengeTests/Info.plist;
				LD_RUNPATH_SEARCH_PATHS = (
					"$(inherited)",
					"@executable_path/Frameworks",
					"@loader_path/Frameworks",
				);
				PRODUCT_BUNDLE_IDENTIFIER = com.gmhertz.BeyondChallengeTests;
				PRODUCT_NAME = "$(TARGET_NAME)";
				SWIFT_VERSION = 4.2;
				TARGETED_DEVICE_FAMILY = "1,2";
				TEST_HOST = "$(BUILT_PRODUCTS_DIR)/BeyondChallenge.app/BeyondChallenge";
			};
			name = Release;
		};
		E8F6AB0B22314A71005C323C /* Debug */ = {
			isa = XCBuildConfiguration;
			baseConfigurationReference = 01245CDA472D7ED8EBF33D28 /* Pods-BeyondChallengeUITests.debug.xcconfig */;
			buildSettings = {
				ALWAYS_EMBED_SWIFT_STANDARD_LIBRARIES = YES;
				CODE_SIGN_STYLE = Automatic;
				DEVELOPMENT_TEAM = 56DSU8JZV3;
				INFOPLIST_FILE = BeyondChallengeUITests/Info.plist;
				LD_RUNPATH_SEARCH_PATHS = (
					"$(inherited)",
					"@executable_path/Frameworks",
					"@loader_path/Frameworks",
				);
				PRODUCT_BUNDLE_IDENTIFIER = com.gmhertz.BeyondChallengeUITests;
				PRODUCT_NAME = "$(TARGET_NAME)";
				SWIFT_VERSION = 4.2;
				TARGETED_DEVICE_FAMILY = "1,2";
				TEST_TARGET_NAME = BeyondChallenge;
			};
			name = Debug;
		};
		E8F6AB0C22314A71005C323C /* Release */ = {
			isa = XCBuildConfiguration;
			baseConfigurationReference = 9C880474962D210D588CF6D1 /* Pods-BeyondChallengeUITests.release.xcconfig */;
			buildSettings = {
				ALWAYS_EMBED_SWIFT_STANDARD_LIBRARIES = YES;
				CODE_SIGN_STYLE = Automatic;
				DEVELOPMENT_TEAM = 56DSU8JZV3;
				INFOPLIST_FILE = BeyondChallengeUITests/Info.plist;
				LD_RUNPATH_SEARCH_PATHS = (
					"$(inherited)",
					"@executable_path/Frameworks",
					"@loader_path/Frameworks",
				);
				PRODUCT_BUNDLE_IDENTIFIER = com.gmhertz.BeyondChallengeUITests;
				PRODUCT_NAME = "$(TARGET_NAME)";
				SWIFT_VERSION = 4.2;
				TARGETED_DEVICE_FAMILY = "1,2";
				TEST_TARGET_NAME = BeyondChallenge;
			};
			name = Release;
		};
/* End XCBuildConfiguration section */

/* Begin XCConfigurationList section */
		E8F6AAD722314A70005C323C /* Build configuration list for PBXProject "BeyondChallenge" */ = {
			isa = XCConfigurationList;
			buildConfigurations = (
				E8F6AB0222314A71005C323C /* Debug */,
				E8F6AB0322314A71005C323C /* Release */,
			);
			defaultConfigurationIsVisible = 0;
			defaultConfigurationName = Release;
		};
		E8F6AB0422314A71005C323C /* Build configuration list for PBXNativeTarget "BeyondChallenge" */ = {
			isa = XCConfigurationList;
			buildConfigurations = (
				E8F6AB0522314A71005C323C /* Debug */,
				E8F6AB0622314A71005C323C /* Release */,
			);
			defaultConfigurationIsVisible = 0;
			defaultConfigurationName = Release;
		};
		E8F6AB0722314A71005C323C /* Build configuration list for PBXNativeTarget "BeyondChallengeTests" */ = {
			isa = XCConfigurationList;
			buildConfigurations = (
				E8F6AB0822314A71005C323C /* Debug */,
				E8F6AB0922314A71005C323C /* Release */,
			);
			defaultConfigurationIsVisible = 0;
			defaultConfigurationName = Release;
		};
		E8F6AB0A22314A71005C323C /* Build configuration list for PBXNativeTarget "BeyondChallengeUITests" */ = {
			isa = XCConfigurationList;
			buildConfigurations = (
				E8F6AB0B22314A71005C323C /* Debug */,
				E8F6AB0C22314A71005C323C /* Release */,
			);
			defaultConfigurationIsVisible = 0;
			defaultConfigurationName = Release;
		};
/* End XCConfigurationList section */
	};
	rootObject = E8F6AAD422314A70005C323C /* Project object */;
}
